
Microsoft Visual Studio Solution File, Format Version 10.00
# Visual Studio 2008
Project("{8BC9CEB8-8B4A-11D0-8D11-00A0C91BC942}") = "Templates", "Templates\Templates.vcproj", "{F5D6FA9E-100A-46EF-880B-8BF77AE30FB7}"
EndProject
Project("{8BC9CEB8-8B4A-11D0-8D11-00A0C91BC942}") = "Exo4", "Exo4\Exo4.vcproj", "{56891291-DEC0-4F71-8126-8DF398FF4D16}"
EndProject
Project("{8BC9CEB8-8B4A-11D0-8D11-00A0C91BC942}") = "TemplateMat2D", "TemplateMat2D\TemplateMat2D.vcproj", "{464C8B26-51ED-4BAD-97C4-BA9428C64281}"
EndProject
Global
	GlobalSection(SolutionConfigurationPlatforms) = preSolution
		Debug|Win32 = Debug|Win32
		Release|Win32 = Release|Win32
	EndGlobalSection
	GlobalSection(ProjectConfigurationPlatforms) = postSolution
		{F5D6FA9E-100A-46EF-880B-8BF77AE30FB7}.Debug|Win32.ActiveCfg = Debug|Win32
		{F5D6FA9E-100A-46EF-880B-8BF77AE30FB7}.Debug|Win32.Build.0 = Debug|Win32
		{F5D6FA9E-100A-46EF-880B-8BF77AE30FB7}.Release|Win32.ActiveCfg = Release|Win32
		{F5D6FA9E-100A-46EF-880B-8BF77AE30FB7}.Release|Win32.Build.0 = Release|Win32
		{56891291-DEC0-4F71-8126-8DF398FF4D16}.Debug|Win32.ActiveCfg = Debug|Win32
		{56891291-DEC0-4F71-8126-8DF398FF4D16}.Debug|Win32.Build.0 = Debug|Win32
		{56891291-DEC0-4F71-8126-8DF398FF4D16}.Release|Win32.ActiveCfg = Release|Win32
		{56891291-DEC0-4F71-8126-8DF398FF4D16}.Release|Win32.Build.0 = Release|Win32
		{464C8B26-51ED-4BAD-97C4-BA9428C64281}.Debug|Win32.ActiveCfg = Debug|Win32
		{464C8B26-51ED-4BAD-97C4-BA9428C64281}.Debug|Win32.Build.0 = Debug|Win32
		{464C8B26-51ED-4BAD-97C4-BA9428C64281}.Release|Win32.ActiveCfg = Release|Win32
		{464C8B26-51ED-4BAD-97C4-BA9428C64281}.Release|Win32.Build.0 = Release|Win32
	EndGlobalSection
	GlobalSection(SolutionProperties) = preSolution
		HideSolutionNode = FALSE
	EndGlobalSection
EndGlobal
